// !$*UTF8*$!
{
	archiveVersion = 1;
	classes = {
	};
	objectVersion = 56;
	objects = {

/* Begin PBXBuildFile section */
		0B4DDC5028E75CE300DDBF5C /* AppDelegate.swift in Sources */ = {isa = PBXBuildFile; fileRef = 0B4DDC4F28E75CE300DDBF5C /* AppDelegate.swift */; };
		0B4DDC5228E75CE300DDBF5C /* SceneDelegate.swift in Sources */ = {isa = PBXBuildFile; fileRef = 0B4DDC5128E75CE300DDBF5C /* SceneDelegate.swift */; };
		0B4DDC5428E75CE300DDBF5C /* CCConverterViewController.swift in Sources */ = {isa = PBXBuildFile; fileRef = 0B4DDC5328E75CE300DDBF5C /* CCConverterViewController.swift */; };
		0B4DDC5928E75CE700DDBF5C /* Assets.xcassets in Resources */ = {isa = PBXBuildFile; fileRef = 0B4DDC5828E75CE700DDBF5C /* Assets.xcassets */; };
		0B4DDC5C28E75CE700DDBF5C /* LaunchScreen.storyboard in Resources */ = {isa = PBXBuildFile; fileRef = 0B4DDC5A28E75CE700DDBF5C /* LaunchScreen.storyboard */; };
		0B4DDC6428E7644100DDBF5C /* CCNavigationController.swift in Sources */ = {isa = PBXBuildFile; fileRef = 0B4DDC6328E7644100DDBF5C /* CCNavigationController.swift */; };
		0B4DDC6628E7680900DDBF5C /* CCCurrencyCell.swift in Sources */ = {isa = PBXBuildFile; fileRef = 0B4DDC6528E7680900DDBF5C /* CCCurrencyCell.swift */; };
		0BC32DB028E85BD0004524C6 /* CCInteractor.swift in Sources */ = {isa = PBXBuildFile; fileRef = 0BC32DAF28E85BD0004524C6 /* CCInteractor.swift */; };
		0BC32DB228E89325004524C6 /* CCPresenter.swift in Sources */ = {isa = PBXBuildFile; fileRef = 0BC32DB128E89325004524C6 /* CCPresenter.swift */; };
		0BC32DB428E89B15004524C6 /* CCAddRowCell.swift in Sources */ = {isa = PBXBuildFile; fileRef = 0BC32DB328E89B15004524C6 /* CCAddRowCell.swift */; };
		0BC32DBC28E941A5004524C6 /* CCModel.swift in Sources */ = {isa = PBXBuildFile; fileRef = 0BC32DBB28E941A5004524C6 /* CCModel.swift */; };
		0BC32DBE28E94C74004524C6 /* CCBaseCell.swift in Sources */ = {isa = PBXBuildFile; fileRef = 0BC32DBD28E94C74004524C6 /* CCBaseCell.swift */; };
		0BC32DC028E9617A004524C6 /* CCCurrencyPickerPopupWindow.swift in Sources */ = {isa = PBXBuildFile; fileRef = 0BC32DBF28E9617A004524C6 /* CCCurrencyPickerPopupWindow.swift */; };
		0BC32DC328E976A0004524C6 /* CCRouter.swift in Sources */ = {isa = PBXBuildFile; fileRef = 0BC32DC228E976A0004524C6 /* CCRouter.swift */; };
		0BC32DC528E98244004524C6 /* CCStorage.swift in Sources */ = {isa = PBXBuildFile; fileRef = 0BC32DC428E98244004524C6 /* CCStorage.swift */; };
		0BC32DC728E98D04004524C6 /* CCRequester.swift in Sources */ = {isa = PBXBuildFile; fileRef = 0BC32DC628E98D04004524C6 /* CCRequester.swift */; };
/* End PBXBuildFile section */

/* Begin PBXFileReference section */
		0B4DDC4C28E75CE300DDBF5C /* Currency.app */ = {isa = PBXFileReference; explicitFileType = wrapper.application; includeInIndex = 0; path = Currency.app; sourceTree = BUILT_PRODUCTS_DIR; };
		0B4DDC4F28E75CE300DDBF5C /* AppDelegate.swift */ = {isa = PBXFileReference; lastKnownFileType = sourcecode.swift; path = AppDelegate.swift; sourceTree = "<group>"; };
		0B4DDC5128E75CE300DDBF5C /* SceneDelegate.swift */ = {isa = PBXFileReference; lastKnownFileType = sourcecode.swift; path = SceneDelegate.swift; sourceTree = "<group>"; };
		0B4DDC5328E75CE300DDBF5C /* CCConverterViewController.swift */ = {isa = PBXFileReference; lastKnownFileType = sourcecode.swift; path = CCConverterViewController.swift; sourceTree = "<group>"; };
		0B4DDC5828E75CE700DDBF5C /* Assets.xcassets */ = {isa = PBXFileReference; lastKnownFileType = folder.assetcatalog; path = Assets.xcassets; sourceTree = "<group>"; };
		0B4DDC5B28E75CE700DDBF5C /* Base */ = {isa = PBXFileReference; lastKnownFileType = file.storyboard; name = Base; path = Base.lproj/LaunchScreen.storyboard; sourceTree = "<group>"; };
		0B4DDC5D28E75CE700DDBF5C /* Info.plist */ = {isa = PBXFileReference; lastKnownFileType = text.plist.xml; path = Info.plist; sourceTree = "<group>"; };
		0B4DDC6328E7644100DDBF5C /* CCNavigationController.swift */ = {isa = PBXFileReference; lastKnownFileType = sourcecode.swift; path = CCNavigationController.swift; sourceTree = "<group>"; };
		0B4DDC6528E7680900DDBF5C /* CCCurrencyCell.swift */ = {isa = PBXFileReference; lastKnownFileType = sourcecode.swift; path = CCCurrencyCell.swift; sourceTree = "<group>"; };
		0BC32DAF28E85BD0004524C6 /* CCInteractor.swift */ = {isa = PBXFileReference; lastKnownFileType = sourcecode.swift; path = CCInteractor.swift; sourceTree = "<group>"; };
		0BC32DB128E89325004524C6 /* CCPresenter.swift */ = {isa = PBXFileReference; lastKnownFileType = sourcecode.swift; path = CCPresenter.swift; sourceTree = "<group>"; };
		0BC32DB328E89B15004524C6 /* CCAddRowCell.swift */ = {isa = PBXFileReference; lastKnownFileType = sourcecode.swift; path = CCAddRowCell.swift; sourceTree = "<group>"; };
		0BC32DBB28E941A5004524C6 /* CCModel.swift */ = {isa = PBXFileReference; lastKnownFileType = sourcecode.swift; path = CCModel.swift; sourceTree = "<group>"; };
		0BC32DBD28E94C74004524C6 /* CCBaseCell.swift */ = {isa = PBXFileReference; lastKnownFileType = sourcecode.swift; path = CCBaseCell.swift; sourceTree = "<group>"; };
		0BC32DBF28E9617A004524C6 /* CCCurrencyPickerPopupWindow.swift */ = {isa = PBXFileReference; lastKnownFileType = sourcecode.swift; path = CCCurrencyPickerPopupWindow.swift; sourceTree = "<group>"; };
		0BC32DC228E976A0004524C6 /* CCRouter.swift */ = {isa = PBXFileReference; lastKnownFileType = sourcecode.swift; path = CCRouter.swift; sourceTree = "<group>"; };
		0BC32DC428E98244004524C6 /* CCStorage.swift */ = {isa = PBXFileReference; lastKnownFileType = sourcecode.swift; path = CCStorage.swift; sourceTree = "<group>"; };
		0BC32DC628E98D04004524C6 /* CCRequester.swift */ = {isa = PBXFileReference; lastKnownFileType = sourcecode.swift; path = CCRequester.swift; sourceTree = "<group>"; };
/* End PBXFileReference section */

/* Begin PBXFrameworksBuildPhase section */
		0B4DDC4928E75CE300DDBF5C /* Frameworks */ = {
			isa = PBXFrameworksBuildPhase;
			buildActionMask = 2147483647;
			files = (
			);
			runOnlyForDeploymentPostprocessing = 0;
		};
/* End PBXFrameworksBuildPhase section */

/* Begin PBXGroup section */
		0B4DDC4328E75CE300DDBF5C = {
			isa = PBXGroup;
			children = (
				0B4DDC4E28E75CE300DDBF5C /* Currency */,
				0B4DDC4D28E75CE300DDBF5C /* Products */,
			);
			sourceTree = "<group>";
		};
		0B4DDC4D28E75CE300DDBF5C /* Products */ = {
			isa = PBXGroup;
			children = (
				0B4DDC4C28E75CE300DDBF5C /* Currency.app */,
			);
			name = Products;
			sourceTree = "<group>";
		};
		0B4DDC4E28E75CE300DDBF5C /* Currency */ = {
			isa = PBXGroup;
			children = (
				0BC32DB628E8B031004524C6 /* Presenter */,
				0BC32DC128E9768C004524C6 /* Routing */,
				0BC32DB828E8B04D004524C6 /* Entity */,
				0BC32DB728E8B046004524C6 /* Interactor */,
				0BC32DB528E8AFF7004524C6 /* View */,
				0B4DDC4F28E75CE300DDBF5C /* AppDelegate.swift */,
				0B4DDC5128E75CE300DDBF5C /* SceneDelegate.swift */,
				0B4DDC5828E75CE700DDBF5C /* Assets.xcassets */,
				0B4DDC5A28E75CE700DDBF5C /* LaunchScreen.storyboard */,
				0B4DDC5D28E75CE700DDBF5C /* Info.plist */,
			);
			path = Currency;
			sourceTree = "<group>";
		};
		0BC32DB528E8AFF7004524C6 /* View */ = {
			isa = PBXGroup;
			children = (
				0B4DDC6328E7644100DDBF5C /* CCNavigationController.swift */,
				0B4DDC5328E75CE300DDBF5C /* CCConverterViewController.swift */,
				0B4DDC6528E7680900DDBF5C /* CCCurrencyCell.swift */,
				0BC32DB328E89B15004524C6 /* CCAddRowCell.swift */,
				0BC32DBD28E94C74004524C6 /* CCBaseCell.swift */,
				0BC32DBF28E9617A004524C6 /* CCCurrencyPickerPopupWindow.swift */,
			);
			path = View;
			sourceTree = "<group>";
		};
		0BC32DB628E8B031004524C6 /* Presenter */ = {
			isa = PBXGroup;
			children = (
				0BC32DB128E89325004524C6 /* CCPresenter.swift */,
			);
			path = Presenter;
			sourceTree = "<group>";
		};
		0BC32DB728E8B046004524C6 /* Interactor */ = {
			isa = PBXGroup;
			children = (
				0BC32DAF28E85BD0004524C6 /* CCInteractor.swift */,
				0BC32DC428E98244004524C6 /* CCStorage.swift */,
				0BC32DC628E98D04004524C6 /* CCRequester.swift */,
			);
			path = Interactor;
			sourceTree = "<group>";
		};
		0BC32DB828E8B04D004524C6 /* Entity */ = {
			isa = PBXGroup;
			children = (
				0BC32DBB28E941A5004524C6 /* CCModel.swift */,
			);
			path = Entity;
			sourceTree = "<group>";
		};
		0BC32DC128E9768C004524C6 /* Routing */ = {
			isa = PBXGroup;
			children = (
				0BC32DC228E976A0004524C6 /* CCRouter.swift */,
			);
			path = Routing;
			sourceTree = "<group>";
		};
/* End PBXGroup section */

/* Begin PBXNativeTarget section */
		0B4DDC4B28E75CE300DDBF5C /* Currency */ = {
			isa = PBXNativeTarget;
			buildConfigurationList = 0B4DDC6028E75CE700DDBF5C /* Build configuration list for PBXNativeTarget "Currency" */;
			buildPhases = (
				0B4DDC4828E75CE300DDBF5C /* Sources */,
				0B4DDC4928E75CE300DDBF5C /* Frameworks */,
				0B4DDC4A28E75CE300DDBF5C /* Resources */,
			);
			buildRules = (
			);
			dependencies = (
			);
			name = Currency;
			productName = Currency;
			productReference = 0B4DDC4C28E75CE300DDBF5C /* Currency.app */;
			productType = "com.apple.product-type.application";
		};
/* End PBXNativeTarget section */

/* Begin PBXProject section */
		0B4DDC4428E75CE300DDBF5C /* Project object */ = {
			isa = PBXProject;
			attributes = {
				BuildIndependentTargetsInParallel = 1;
				LastSwiftUpdateCheck = 1400;
				LastUpgradeCheck = 1400;
				TargetAttributes = {
					0B4DDC4B28E75CE300DDBF5C = {
						CreatedOnToolsVersion = 14.0.1;
					};
				};
			};
			buildConfigurationList = 0B4DDC4728E75CE300DDBF5C /* Build configuration list for PBXProject "Currency" */;
			compatibilityVersion = "Xcode 14.0";
			developmentRegion = en;
			hasScannedForEncodings = 0;
			knownRegions = (
				en,
				Base,
			);
			mainGroup = 0B4DDC4328E75CE300DDBF5C;
			productRefGroup = 0B4DDC4D28E75CE300DDBF5C /* Products */;
			projectDirPath = "";
			projectRoot = "";
			targets = (
				0B4DDC4B28E75CE300DDBF5C /* Currency */,
			);
		};
/* End PBXProject section */

/* Begin PBXResourcesBuildPhase section */
		0B4DDC4A28E75CE300DDBF5C /* Resources */ = {
			isa = PBXResourcesBuildPhase;
			buildActionMask = 2147483647;
			files = (
				0B4DDC5C28E75CE700DDBF5C /* LaunchScreen.storyboard in Resources */,
				0B4DDC5928E75CE700DDBF5C /* Assets.xcassets in Resources */,
			);
			runOnlyForDeploymentPostprocessing = 0;
		};
/* End PBXResourcesBuildPhase section */

/* Begin PBXSourcesBuildPhase section */
		0B4DDC4828E75CE300DDBF5C /* Sources */ = {
			isa = PBXSourcesBuildPhase;
			buildActionMask = 2147483647;
			files = (
				0BC32DBE28E94C74004524C6 /* CCBaseCell.swift in Sources */,
				0BC32DC328E976A0004524C6 /* CCRouter.swift in Sources */,
				0B4DDC5428E75CE300DDBF5C /* CCConverterViewController.swift in Sources */,
				0BC32DC028E9617A004524C6 /* CCCurrencyPickerPopupWindow.swift in Sources */,
				0B4DDC6628E7680900DDBF5C /* CCCurrencyCell.swift in Sources */,
				0BC32DBC28E941A5004524C6 /* CCModel.swift in Sources */,
				0BC32DC728E98D04004524C6 /* CCRequester.swift in Sources */,
				0B4DDC6428E7644100DDBF5C /* CCNavigationController.swift in Sources */,
				0B4DDC5028E75CE300DDBF5C /* AppDelegate.swift in Sources */,
				0BC32DB428E89B15004524C6 /* CCAddRowCell.swift in Sources */,
				0BC32DB228E89325004524C6 /* CCPresenter.swift in Sources */,
				0BC32DB028E85BD0004524C6 /* CCInteractor.swift in Sources */,
				0B4DDC5228E75CE300DDBF5C /* SceneDelegate.swift in Sources */,
				0BC32DC528E98244004524C6 /* CCStorage.swift in Sources */,
			);
			runOnlyForDeploymentPostprocessing = 0;
		};
/* End PBXSourcesBuildPhase section */

/* Begin PBXVariantGroup section */
		0B4DDC5A28E75CE700DDBF5C /* LaunchScreen.storyboard */ = {
			isa = PBXVariantGroup;
			children = (
				0B4DDC5B28E75CE700DDBF5C /* Base */,
			);
			name = LaunchScreen.storyboard;
			sourceTree = "<group>";
		};
/* End PBXVariantGroup section */

/* Begin XCBuildConfiguration section */
		0B4DDC5E28E75CE700DDBF5C /* Debug */ = {
			isa = XCBuildConfiguration;
			buildSettings = {
				ALWAYS_SEARCH_USER_PATHS = NO;
				CLANG_ANALYZER_NONNULL = YES;
				CLANG_ANALYZER_NUMBER_OBJECT_CONVERSION = YES_AGGRESSIVE;
				CLANG_CXX_LANGUAGE_STANDARD = "gnu++20";
				CLANG_ENABLE_MODULES = YES;
				CLANG_ENABLE_OBJC_ARC = YES;
				CLANG_ENABLE_OBJC_WEAK = YES;
				CLANG_WARN_BLOCK_CAPTURE_AUTORELEASING = YES;
				CLANG_WARN_BOOL_CONVERSION = YES;
				CLANG_WARN_COMMA = YES;
				CLANG_WARN_CONSTANT_CONVERSION = YES;
				CLANG_WARN_DEPRECATED_OBJC_IMPLEMENTATIONS = YES;
				CLANG_WARN_DIRECT_OBJC_ISA_USAGE = YES_ERROR;
				CLANG_WARN_DOCUMENTATION_COMMENTS = YES;
				CLANG_WARN_EMPTY_BODY = YES;
				CLANG_WARN_ENUM_CONVERSION = YES;
				CLANG_WARN_INFINITE_RECURSION = YES;
				CLANG_WARN_INT_CONVERSION = YES;
				CLANG_WARN_NON_LITERAL_NULL_CONVERSION = YES;
				CLANG_WARN_OBJC_IMPLICIT_RETAIN_SELF = YES;
				CLANG_WARN_OBJC_LITERAL_CONVERSION = YES;
				CLANG_WARN_OBJC_ROOT_CLASS = YES_ERROR;
				CLANG_WARN_QUOTED_INCLUDE_IN_FRAMEWORK_HEADER = YES;
				CLANG_WARN_RANGE_LOOP_ANALYSIS = YES;
				CLANG_WARN_STRICT_PROTOTYPES = YES;
				CLANG_WARN_SUSPICIOUS_MOVE = YES;
				CLANG_WARN_UNGUARDED_AVAILABILITY = YES_AGGRESSIVE;
				CLANG_WARN_UNREACHABLE_CODE = YES;
				CLANG_WARN__DUPLICATE_METHOD_MATCH = YES;
				COPY_PHASE_STRIP = NO;
				DEBUG_INFORMATION_FORMAT = dwarf;
				ENABLE_STRICT_OBJC_MSGSEND = YES;
				ENABLE_TESTABILITY = YES;
				GCC_C_LANGUAGE_STANDARD = gnu11;
				GCC_DYNAMIC_NO_PIC = NO;
				GCC_NO_COMMON_BLOCKS = YES;
				GCC_OPTIMIZATION_LEVEL = 0;
				GCC_PREPROCESSOR_DEFINITIONS = (
					"DEBUG=1",
					"$(inherited)",
				);
				GCC_WARN_64_TO_32_BIT_CONVERSION = YES;
				GCC_WARN_ABOUT_RETURN_TYPE = YES_ERROR;
				GCC_WARN_UNDECLARED_SELECTOR = YES;
				GCC_WARN_UNINITIALIZED_AUTOS = YES_AGGRESSIVE;
				GCC_WARN_UNUSED_FUNCTION = YES;
				GCC_WARN_UNUSED_VARIABLE = YES;
				IPHONEOS_DEPLOYMENT_TARGET = 16.0;
				MTL_ENABLE_DEBUG_INFO = INCLUDE_SOURCE;
				MTL_FAST_MATH = YES;
				ONLY_ACTIVE_ARCH = YES;
				SDKROOT = iphoneos;
				SWIFT_ACTIVE_COMPILATION_CONDITIONS = DEBUG;
				SWIFT_OPTIMIZATION_LEVEL = "-Onone";
			};
			name = Debug;
		};
		0B4DDC5F28E75CE700DDBF5C /* Release */ = {
			isa = XCBuildConfiguration;
			buildSettings = {
				ALWAYS_SEARCH_USER_PATHS = NO;
				CLANG_ANALYZER_NONNULL = YES;
				CLANG_ANALYZER_NUMBER_OBJECT_CONVERSION = YES_AGGRESSIVE;
				CLANG_CXX_LANGUAGE_STANDARD = "gnu++20";
				CLANG_ENABLE_MODULES = YES;
				CLANG_ENABLE_OBJC_ARC = YES;
				CLANG_ENABLE_OBJC_WEAK = YES;
				CLANG_WARN_BLOCK_CAPTURE_AUTORELEASING = YES;
				CLANG_WARN_BOOL_CONVERSION = YES;
				CLANG_WARN_COMMA = YES;
				CLANG_WARN_CONSTANT_CONVERSION = YES;
				CLANG_WARN_DEPRECATED_OBJC_IMPLEMENTATIONS = YES;
				CLANG_WARN_DIRECT_OBJC_ISA_USAGE = YES_ERROR;
				CLANG_WARN_DOCUMENTATION_COMMENTS = YES;
				CLANG_WARN_EMPTY_BODY = YES;
				CLANG_WARN_ENUM_CONVERSION = YES;
				CLANG_WARN_INFINITE_RECURSION = YES;
				CLANG_WARN_INT_CONVERSION = YES;
				CLANG_WARN_NON_LITERAL_NULL_CONVERSION = YES;
				CLANG_WARN_OBJC_IMPLICIT_RETAIN_SELF = YES;
				CLANG_WARN_OBJC_LITERAL_CONVERSION = YES;
				CLANG_WARN_OBJC_ROOT_CLASS = YES_ERROR;
				CLANG_WARN_QUOTED_INCLUDE_IN_FRAMEWORK_HEADER = YES;
				CLANG_WARN_RANGE_LOOP_ANALYSIS = YES;
				CLANG_WARN_STRICT_PROTOTYPES = YES;
				CLANG_WARN_SUSPICIOUS_MOVE = YES;
				CLANG_WARN_UNGUARDED_AVAILABILITY = YES_AGGRESSIVE;
				CLANG_WARN_UNREACHABLE_CODE = YES;
				CLANG_WARN__DUPLICATE_METHOD_MATCH = YES;
				COPY_PHASE_STRIP = NO;
				DEBUG_INFORMATION_FORMAT = "dwarf-with-dsym";
				ENABLE_NS_ASSERTIONS = NO;
				ENABLE_STRICT_OBJC_MSGSEND = YES;
				GCC_C_LANGUAGE_STANDARD = gnu11;
				GCC_NO_COMMON_BLOCKS = YES;
				GCC_WARN_64_TO_32_BIT_CONVERSION = YES;
				GCC_WARN_ABOUT_RETURN_TYPE = YES_ERROR;
				GCC_WARN_UNDECLARED_SELECTOR = YES;
				GCC_WARN_UNINITIALIZED_AUTOS = YES_AGGRESSIVE;
				GCC_WARN_UNUSED_FUNCTION = YES;
				GCC_WARN_UNUSED_VARIABLE = YES;
				IPHONEOS_DEPLOYMENT_TARGET = 16.0;
				MTL_ENABLE_DEBUG_INFO = NO;
				MTL_FAST_MATH = YES;
				SDKROOT = iphoneos;
				SWIFT_COMPILATION_MODE = wholemodule;
				SWIFT_OPTIMIZATION_LEVEL = "-O";
				VALIDATE_PRODUCT = YES;
			};
			name = Release;
		};
		0B4DDC6128E75CE700DDBF5C /* Debug */ = {
			isa = XCBuildConfiguration;
			buildSettings = {
				ASSETCATALOG_COMPILER_APPICON_NAME = AppIcon;
				ASSETCATALOG_COMPILER_GLOBAL_ACCENT_COLOR_NAME = AccentColor;
				CODE_SIGN_STYLE = Automatic;
				CURRENT_PROJECT_VERSION = 1;
				DEVELOPMENT_TEAM = 8X6K245U52;
				GENERATE_INFOPLIST_FILE = YES;
				INFOPLIST_FILE = Currency/Info.plist;
				INFOPLIST_KEY_UIApplicationSupportsIndirectInputEvents = YES;
				INFOPLIST_KEY_UILaunchStoryboardName = LaunchScreen;
				INFOPLIST_KEY_UIMainStoryboardFile = "";
				INFOPLIST_KEY_UISupportedInterfaceOrientations_iPad = "UIInterfaceOrientationPortrait UIInterfaceOrientationPortraitUpsideDown UIInterfaceOrientationLandscapeLeft UIInterfaceOrientationLandscapeRight";
				INFOPLIST_KEY_UISupportedInterfaceOrientations_iPhone = "UIInterfaceOrientationPortrait UIInterfaceOrientationLandscapeLeft UIInterfaceOrientationLandscapeRight";
				LD_RUNPATH_SEARCH_PATHS = (
					"$(inherited)",
					"@executable_path/Frameworks",
				);
				MARKETING_VERSION = 1.0;
				PRODUCT_BUNDLE_IDENTIFIER = com.joannasara.Currency;
				PRODUCT_NAME = "$(TARGET_NAME)";
				SWIFT_EMIT_LOC_STRINGS = YES;
				SWIFT_VERSION = 5.0;
				TARGETED_DEVICE_FAMILY = "1,2";
			};
			name = Debug;
		};
		0B4DDC6228E75CE700DDBF5C /* Release */ = {
			isa = XCBuildConfiguration;
			buildSettings = {
				ASSETCATALOG_COMPILER_APPICON_NAME = AppIcon;
				ASSETCATALOG_COMPILER_GLOBAL_ACCENT_COLOR_NAME = AccentColor;
				CODE_SIGN_STYLE = Automatic;
				CURRENT_PROJECT_VERSION = 1;
				DEVELOPMENT_TEAM = 8X6K245U52;
				GENERATE_INFOPLIST_FILE = YES;
				INFOPLIST_FILE = Currency/Info.plist;
				INFOPLIST_KEY_UIApplicationSupportsIndirectInputEvents = YES;
				INFOPLIST_KEY_UILaunchStoryboardName = LaunchScreen;
				INFOPLIST_KEY_UIMainStoryboardFile = "";
				INFOPLIST_KEY_UISupportedInterfaceOrientations_iPad = "UIInterfaceOrientationPortrait UIInterfaceOrientationPortraitUpsideDown UIInterfaceOrientationLandscapeLeft UIInterfaceOrientationLandscapeRight";
				INFOPLIST_KEY_UISupportedInterfaceOrientations_iPhone = "UIInterfaceOrientationPortrait UIInterfaceOrientationLandscapeLeft UIInterfaceOrientationLandscapeRight";
				LD_RUNPATH_SEARCH_PATHS = (
					"$(inherited)",
					"@executable_path/Frameworks",
				);
				MARKETING_VERSION = 1.0;
				PRODUCT_BUNDLE_IDENTIFIER = com.joannasara.Currency;
				PRODUCT_NAME = "$(TARGET_NAME)";
				SWIFT_EMIT_LOC_STRINGS = YES;
				SWIFT_VERSION = 5.0;
				TARGETED_DEVICE_FAMILY = "1,2";
			};
			name = Release;
		};
/* End XCBuildConfiguration section */

/* Begin XCConfigurationList section */
		0B4DDC4728E75CE300DDBF5C /* Build configuration list for PBXProject "Currency" */ = {
			isa = XCConfigurationList;
			buildConfigurations = (
				0B4DDC5E28E75CE700DDBF5C /* Debug */,
				0B4DDC5F28E75CE700DDBF5C /* Release */,
			);
			defaultConfigurationIsVisible = 0;
			defaultConfigurationName = Release;
		};
		0B4DDC6028E75CE700DDBF5C /* Build configuration list for PBXNativeTarget "Currency" */ = {
			isa = XCConfigurationList;
			buildConfigurations = (
				0B4DDC6128E75CE700DDBF5C /* Debug */,
				0B4DDC6228E75CE700DDBF5C /* Release */,
			);
			defaultConfigurationIsVisible = 0;
			defaultConfigurationName = Release;
		};
/* End XCConfigurationList section */
	};
	rootObject = 0B4DDC4428E75CE300DDBF5C /* Project object */;
}
